// !$*UTF8*$!
{
	archiveVersion = 1;
	classes = {
	};
	objectVersion = 48;
	objects = {

/* Begin PBXBuildFile section */
		6131F59E20DC93C800D465CE /* NSString+Extra.m in Sources */ = {isa = PBXBuildFile; fileRef = 6131F59B20DC93C700D465CE /* NSString+Extra.m */; };
		6131F59F20DC93C800D465CE /* NSString+JJKit.m in Sources */ = {isa = PBXBuildFile; fileRef = 6131F59D20DC93C700D465CE /* NSString+JJKit.m */; };
		617811D820DB861C00A9596B /* AppDelegate.m in Sources */ = {isa = PBXBuildFile; fileRef = 617811D720DB861C00A9596B /* AppDelegate.m */; };
		617811DB20DB861C00A9596B /* ViewController.m in Sources */ = {isa = PBXBuildFile; fileRef = 617811DA20DB861C00A9596B /* ViewController.m */; };
		617811DE20DB861C00A9596B /* Main.storyboard in Resources */ = {isa = PBXBuildFile; fileRef = 617811DC20DB861C00A9596B /* Main.storyboard */; };
		617811E020DB861C00A9596B /* Assets.xcassets in Resources */ = {isa = PBXBuildFile; fileRef = 617811DF20DB861C00A9596B /* Assets.xcassets */; };
		617811E320DB861C00A9596B /* LaunchScreen.storyboard in Resources */ = {isa = PBXBuildFile; fileRef = 617811E120DB861C00A9596B /* LaunchScreen.storyboard */; };
		617811E620DB861C00A9596B /* main.m in Sources */ = {isa = PBXBuildFile; fileRef = 617811E520DB861C00A9596B /* main.m */; };
		617811F020DB861D00A9596B /* JJKitTests.m in Sources */ = {isa = PBXBuildFile; fileRef = 617811EF20DB861D00A9596B /* JJKitTests.m */; };
		617811FB20DB861D00A9596B /* JJKitUITests.m in Sources */ = {isa = PBXBuildFile; fileRef = 617811FA20DB861D00A9596B /* JJKitUITests.m */; };
		EEA9CA3AF96C6BF9A4EE0895 /* libPods-JJKit.a in Frameworks */ = {isa = PBXBuildFile; fileRef = 4F10FF646B301373222E29E7 /* libPods-JJKit.a */; };
/* End PBXBuildFile section */

/* Begin PBXContainerItemProxy section */
		617811EC20DB861D00A9596B /* PBXContainerItemProxy */ = {
			isa = PBXContainerItemProxy;
			containerPortal = 617811CB20DB861C00A9596B /* Project object */;
			proxyType = 1;
			remoteGlobalIDString = 617811D220DB861C00A9596B;
			remoteInfo = JJKit;
		};
		617811F720DB861D00A9596B /* PBXContainerItemProxy */ = {
			isa = PBXContainerItemProxy;
			containerPortal = 617811CB20DB861C00A9596B /* Project object */;
			proxyType = 1;
			remoteGlobalIDString = 617811D220DB861C00A9596B;
			remoteInfo = JJKit;
		};
/* End PBXContainerItemProxy section */

/* Begin PBXFileReference section */
		06CEAD9F7812A57609A7A765 /* Pods-JJKit.debug.xcconfig */ = {isa = PBXFileReference; includeInIndex = 1; lastKnownFileType = text.xcconfig; name = "Pods-JJKit.debug.xcconfig"; path = "Pods/Target Support Files/Pods-JJKit/Pods-JJKit.debug.xcconfig"; sourceTree = "<group>"; };
		4F10FF646B301373222E29E7 /* libPods-JJKit.a */ = {isa = PBXFileReference; explicitFileType = archive.ar; includeInIndex = 0; path = "libPods-JJKit.a"; sourceTree = BUILT_PRODUCTS_DIR; };
		6131F59A20DC93C700D465CE /* NSString+Extra.h */ = {isa = PBXFileReference; fileEncoding = 4; lastKnownFileType = sourcecode.c.h; path = "NSString+Extra.h"; sourceTree = "<group>"; };
		6131F59B20DC93C700D465CE /* NSString+Extra.m */ = {isa = PBXFileReference; fileEncoding = 4; lastKnownFileType = sourcecode.c.objc; path = "NSString+Extra.m"; sourceTree = "<group>"; };
		6131F59C20DC93C700D465CE /* NSString+JJKit.h */ = {isa = PBXFileReference; fileEncoding = 4; lastKnownFileType = sourcecode.c.h; path = "NSString+JJKit.h"; sourceTree = "<group>"; };
		6131F59D20DC93C700D465CE /* NSString+JJKit.m */ = {isa = PBXFileReference; fileEncoding = 4; lastKnownFileType = sourcecode.c.objc; path = "NSString+JJKit.m"; sourceTree = "<group>"; };
		6131F5A020DC93DA00D465CE /* JJKit.h */ = {isa = PBXFileReference; lastKnownFileType = sourcecode.c.h; path = JJKit.h; sourceTree = "<group>"; };
		617811D320DB861C00A9596B /* JJKit.app */ = {isa = PBXFileReference; explicitFileType = wrapper.application; includeInIndex = 0; path = JJKit.app; sourceTree = BUILT_PRODUCTS_DIR; };
		617811D620DB861C00A9596B /* AppDelegate.h */ = {isa = PBXFileReference; lastKnownFileType = sourcecode.c.h; path = AppDelegate.h; sourceTree = "<group>"; };
		617811D720DB861C00A9596B /* AppDelegate.m */ = {isa = PBXFileReference; lastKnownFileType = sourcecode.c.objc; path = AppDelegate.m; sourceTree = "<group>"; };
		617811D920DB861C00A9596B /* ViewController.h */ = {isa = PBXFileReference; lastKnownFileType = sourcecode.c.h; path = ViewController.h; sourceTree = "<group>"; };
		617811DA20DB861C00A9596B /* ViewController.m */ = {isa = PBXFileReference; lastKnownFileType = sourcecode.c.objc; path = ViewController.m; sourceTree = "<group>"; };
		617811DD20DB861C00A9596B /* Base */ = {isa = PBXFileReference; lastKnownFileType = file.storyboard; name = Base; path = Base.lproj/Main.storyboard; sourceTree = "<group>"; };
		617811DF20DB861C00A9596B /* Assets.xcassets */ = {isa = PBXFileReference; lastKnownFileType = folder.assetcatalog; path = Assets.xcassets; sourceTree = "<group>"; };
		617811E220DB861C00A9596B /* Base */ = {isa = PBXFileReference; lastKnownFileType = file.storyboard; name = Base; path = Base.lproj/LaunchScreen.storyboard; sourceTree = "<group>"; };
		617811E420DB861C00A9596B /* Info.plist */ = {isa = PBXFileReference; lastKnownFileType = text.plist.xml; path = Info.plist; sourceTree = "<group>"; };
		617811E520DB861C00A9596B /* main.m */ = {isa = PBXFileReference; lastKnownFileType = sourcecode.c.objc; path = main.m; sourceTree = "<group>"; };
		617811EB20DB861D00A9596B /* JJKitTests.xctest */ = {isa = PBXFileReference; explicitFileType = wrapper.cfbundle; includeInIndex = 0; path = JJKitTests.xctest; sourceTree = BUILT_PRODUCTS_DIR; };
		617811EF20DB861D00A9596B /* JJKitTests.m */ = {isa = PBXFileReference; lastKnownFileType = sourcecode.c.objc; path = JJKitTests.m; sourceTree = "<group>"; };
		617811F120DB861D00A9596B /* Info.plist */ = {isa = PBXFileReference; lastKnownFileType = text.plist.xml; path = Info.plist; sourceTree = "<group>"; };
		617811F620DB861D00A9596B /* JJKitUITests.xctest */ = {isa = PBXFileReference; explicitFileType = wrapper.cfbundle; includeInIndex = 0; path = JJKitUITests.xctest; sourceTree = BUILT_PRODUCTS_DIR; };
		617811FA20DB861D00A9596B /* JJKitUITests.m */ = {isa = PBXFileReference; lastKnownFileType = sourcecode.c.objc; path = JJKitUITests.m; sourceTree = "<group>"; };
		617811FC20DB861D00A9596B /* Info.plist */ = {isa = PBXFileReference; lastKnownFileType = text.plist.xml; path = Info.plist; sourceTree = "<group>"; };
		BB67E439D5C660E52EDF6893 /* Pods-JJKit.release.xcconfig */ = {isa = PBXFileReference; includeInIndex = 1; lastKnownFileType = text.xcconfig; name = "Pods-JJKit.release.xcconfig"; path = "Pods/Target Support Files/Pods-JJKit/Pods-JJKit.release.xcconfig"; sourceTree = "<group>"; };
/* End PBXFileReference section */

/* Begin PBXFrameworksBuildPhase section */
		617811D020DB861C00A9596B /* Frameworks */ = {
			isa = PBXFrameworksBuildPhase;
			buildActionMask = 2147483647;
			files = (
				EEA9CA3AF96C6BF9A4EE0895 /* libPods-JJKit.a in Frameworks */,
			);
			runOnlyForDeploymentPostprocessing = 0;
		};
		617811E820DB861D00A9596B /* Frameworks */ = {
			isa = PBXFrameworksBuildPhase;
			buildActionMask = 2147483647;
			files = (
			);
			runOnlyForDeploymentPostprocessing = 0;
		};
		617811F320DB861D00A9596B /* Frameworks */ = {
			isa = PBXFrameworksBuildPhase;
			buildActionMask = 2147483647;
			files = (
			);
			runOnlyForDeploymentPostprocessing = 0;
		};
/* End PBXFrameworksBuildPhase section */

/* Begin PBXGroup section */
		42C123B35A32BDC1B0E1A7BD /* Frameworks */ = {
			isa = PBXGroup;
			children = (
				4F10FF646B301373222E29E7 /* libPods-JJKit.a */,
			);
			name = Frameworks;
			sourceTree = "<group>";
		};
		6131F59820DC93C700D465CE /* JJKit */ = {
			isa = PBXGroup;
			children = (
				6131F59920DC93C700D465CE /* Extra */,
				6131F5A020DC93DA00D465CE /* JJKit.h */,
			);
			path = JJKit;
			sourceTree = "<group>";
		};
		6131F59920DC93C700D465CE /* Extra */ = {
			isa = PBXGroup;
			children = (
				6131F59A20DC93C700D465CE /* NSString+Extra.h */,
				6131F59B20DC93C700D465CE /* NSString+Extra.m */,
				6131F59C20DC93C700D465CE /* NSString+JJKit.h */,
				6131F59D20DC93C700D465CE /* NSString+JJKit.m */,
			);
			path = Extra;
			sourceTree = "<group>";
		};
		617811CA20DB861C00A9596B = {
			isa = PBXGroup;
			children = (
				617811D520DB861C00A9596B /* JJKit */,
				617811EE20DB861D00A9596B /* JJKitTests */,
				617811F920DB861D00A9596B /* JJKitUITests */,
				617811D420DB861C00A9596B /* Products */,
				D6B966B292C792679DF71132 /* Pods */,
				42C123B35A32BDC1B0E1A7BD /* Frameworks */,
			);
			sourceTree = "<group>";
		};
		617811D420DB861C00A9596B /* Products */ = {
			isa = PBXGroup;
			children = (
				617811D320DB861C00A9596B /* JJKit.app */,
				617811EB20DB861D00A9596B /* JJKitTests.xctest */,
				617811F620DB861D00A9596B /* JJKitUITests.xctest */,
			);
			name = Products;
			sourceTree = "<group>";
		};
		617811D520DB861C00A9596B /* JJKit */ = {
			isa = PBXGroup;
			children = (
				6131F59820DC93C700D465CE /* JJKit */,
				617811D620DB861C00A9596B /* AppDelegate.h */,
				617811D720DB861C00A9596B /* AppDelegate.m */,
				617811D920DB861C00A9596B /* ViewController.h */,
				617811DA20DB861C00A9596B /* ViewController.m */,
				617811DC20DB861C00A9596B /* Main.storyboard */,
				617811DF20DB861C00A9596B /* Assets.xcassets */,
				617811E120DB861C00A9596B /* LaunchScreen.storyboard */,
				617811E420DB861C00A9596B /* Info.plist */,
				617811E520DB861C00A9596B /* main.m */,
			);
			path = JJKit;
			sourceTree = "<group>";
		};
		617811EE20DB861D00A9596B /* JJKitTests */ = {
			isa = PBXGroup;
			children = (
				617811EF20DB861D00A9596B /* JJKitTests.m */,
				617811F120DB861D00A9596B /* Info.plist */,
			);
			path = JJKitTests;
			sourceTree = "<group>";
		};
		617811F920DB861D00A9596B /* JJKitUITests */ = {
			isa = PBXGroup;
			children = (
				617811FA20DB861D00A9596B /* JJKitUITests.m */,
				617811FC20DB861D00A9596B /* Info.plist */,
			);
			path = JJKitUITests;
			sourceTree = "<group>";
		};
		D6B966B292C792679DF71132 /* Pods */ = {
			isa = PBXGroup;
			children = (
				06CEAD9F7812A57609A7A765 /* Pods-JJKit.debug.xcconfig */,
				BB67E439D5C660E52EDF6893 /* Pods-JJKit.release.xcconfig */,
			);
			name = Pods;
			sourceTree = "<group>";
		};
/* End PBXGroup section */

/* Begin PBXNativeTarget section */
		617811D220DB861C00A9596B /* JJKit */ = {
			isa = PBXNativeTarget;
			buildConfigurationList = 617811FF20DB861D00A9596B /* Build configuration list for PBXNativeTarget "JJKit" */;
			buildPhases = (
				30D20A9419BE9EC76E723F32 /* [CP] Check Pods Manifest.lock */,
				617811CF20DB861C00A9596B /* Sources */,
				617811D020DB861C00A9596B /* Frameworks */,
				617811D120DB861C00A9596B /* Resources */,
			);
			buildRules = (
			);
			dependencies = (
			);
			name = JJKit;
			productName = JJKit;
			productReference = 617811D320DB861C00A9596B /* JJKit.app */;
			productType = "com.apple.product-type.application";
		};
		617811EA20DB861D00A9596B /* JJKitTests */ = {
			isa = PBXNativeTarget;
			buildConfigurationList = 6178120220DB861D00A9596B /* Build configuration list for PBXNativeTarget "JJKitTests" */;
			buildPhases = (
				617811E720DB861D00A9596B /* Sources */,
				617811E820DB861D00A9596B /* Frameworks */,
				617811E920DB861D00A9596B /* Resources */,
			);
			buildRules = (
			);
			dependencies = (
				617811ED20DB861D00A9596B /* PBXTargetDependency */,
			);
			name = JJKitTests;
			productName = JJKitTests;
			productReference = 617811EB20DB861D00A9596B /* JJKitTests.xctest */;
			productType = "com.apple.product-type.bundle.unit-test";
		};
		617811F520DB861D00A9596B /* JJKitUITests */ = {
			isa = PBXNativeTarget;
			buildConfigurationList = 6178120520DB861D00A9596B /* Build configuration list for PBXNativeTarget "JJKitUITests" */;
			buildPhases = (
				617811F220DB861D00A9596B /* Sources */,
				617811F320DB861D00A9596B /* Frameworks */,
				617811F420DB861D00A9596B /* Resources */,
			);
			buildRules = (
			);
			dependencies = (
				617811F820DB861D00A9596B /* PBXTargetDependency */,
			);
			name = JJKitUITests;
			productName = JJKitUITests;
			productReference = 617811F620DB861D00A9596B /* JJKitUITests.xctest */;
			productType = "com.apple.product-type.bundle.ui-testing";
		};
/* End PBXNativeTarget section */

/* Begin PBXProject section */
		617811CB20DB861C00A9596B /* Project object */ = {
			isa = PBXProject;
			attributes = {
				LastUpgradeCheck = 0900;
				ORGANIZATIONNAME = luming;
				TargetAttributes = {
					617811D220DB861C00A9596B = {
						CreatedOnToolsVersion = 9.0;
						ProvisioningStyle = Automatic;
					};
					617811EA20DB861D00A9596B = {
						CreatedOnToolsVersion = 9.0;
						ProvisioningStyle = Automatic;
						TestTargetID = 617811D220DB861C00A9596B;
					};
					617811F520DB861D00A9596B = {
						CreatedOnToolsVersion = 9.0;
						ProvisioningStyle = Automatic;
						TestTargetID = 617811D220DB861C00A9596B;
					};
				};
			};
			buildConfigurationList = 617811CE20DB861C00A9596B /* Build configuration list for PBXProject "JJKit" */;
			compatibilityVersion = "Xcode 8.0";
			developmentRegion = en;
			hasScannedForEncodings = 0;
			knownRegions = (
				en,
				Base,
			);
			mainGroup = 617811CA20DB861C00A9596B;
			productRefGroup = 617811D420DB861C00A9596B /* Products */;
			projectDirPath = "";
			projectRoot = "";
			targets = (
				617811D220DB861C00A9596B /* JJKit */,
				617811EA20DB861D00A9596B /* JJKitTests */,
				617811F520DB861D00A9596B /* JJKitUITests */,
			);
		};
/* End PBXProject section */

/* Begin PBXResourcesBuildPhase section */
		617811D120DB861C00A9596B /* Resources */ = {
			isa = PBXResourcesBuildPhase;
			buildActionMask = 2147483647;
			files = (
				617811E320DB861C00A9596B /* LaunchScreen.storyboard in Resources */,
				617811E020DB861C00A9596B /* Assets.xcassets in Resources */,
				617811DE20DB861C00A9596B /* Main.storyboard in Resources */,
			);
			runOnlyForDeploymentPostprocessing = 0;
		};
		617811E920DB861D00A9596B /* Resources */ = {
			isa = PBXResourcesBuildPhase;
			buildActionMask = 2147483647;
			files = (
			);
			runOnlyForDeploymentPostprocessing = 0;
		};
		617811F420DB861D00A9596B /* Resources */ = {
			isa = PBXResourcesBuildPhase;
			buildActionMask = 2147483647;
			files = (
			);
			runOnlyForDeploymentPostprocessing = 0;
		};
/* End PBXResourcesBuildPhase section */

/* Begin PBXShellScriptBuildPhase section */
		30D20A9419BE9EC76E723F32 /* [CP] Check Pods Manifest.lock */ = {
			isa = PBXShellScriptBuildPhase;
			buildActionMask = 2147483647;
			files = (
			);
			inputPaths = (
				"${PODS_PODFILE_DIR_PATH}/Podfile.lock",
				"${PODS_ROOT}/Manifest.lock",
			);
			name = "[CP] Check Pods Manifest.lock";
			outputPaths = (
				"$(DERIVED_FILE_DIR)/Pods-JJKit-checkManifestLockResult.txt",
			);
			runOnlyForDeploymentPostprocessing = 0;
			shellPath = /bin/sh;
			shellScript = "diff \"${PODS_PODFILE_DIR_PATH}/Podfile.lock\" \"${PODS_ROOT}/Manifest.lock\" > /dev/null\nif [ $? != 0 ] ; then\n    # print error to STDERR\n    echo \"error: The sandbox is not in sync with the Podfile.lock. Run 'pod install' or update your CocoaPods installation.\" >&2\n    exit 1\nfi\n# This output is used by Xcode 'outputs' to avoid re-running this script phase.\necho \"SUCCESS\" > \"${SCRIPT_OUTPUT_FILE_0}\"\n";
			showEnvVarsInLog = 0;
		};
/* End PBXShellScriptBuildPhase section */

/* Begin PBXSourcesBuildPhase section */
		617811CF20DB861C00A9596B /* Sources */ = {
			isa = PBXSourcesBuildPhase;
			buildActionMask = 2147483647;
			files = (
				617811DB20DB861C00A9596B /* ViewController.m in Sources */,
				617811E620DB861C00A9596B /* main.m in Sources */,
				6131F59F20DC93C800D465CE /* NSString+JJKit.m in Sources */,
				6131F59E20DC93C800D465CE /* NSString+Extra.m in Sources */,
				617811D820DB861C00A9596B /* AppDelegate.m in Sources */,
			);
			runOnlyForDeploymentPostprocessing = 0;
		};
		617811E720DB861D00A9596B /* Sources */ = {
			isa = PBXSourcesBuildPhase;
			buildActionMask = 2147483647;
			files = (
				617811F020DB861D00A9596B /* JJKitTests.m in Sources */,
			);
			runOnlyForDeploymentPostprocessing = 0;
		};
		617811F220DB861D00A9596B /* Sources */ = {
			isa = PBXSourcesBuildPhase;
			buildActionMask = 2147483647;
			files = (
				617811FB20DB861D00A9596B /* JJKitUITests.m in Sources */,
			);
			runOnlyForDeploymentPostprocessing = 0;
		};
/* End PBXSourcesBuildPhase section */

/* Begin PBXTargetDependency section */
		617811ED20DB861D00A9596B /* PBXTargetDependency */ = {
			isa = PBXTargetDependency;
			target = 617811D220DB861C00A9596B /* JJKit */;
			targetProxy = 617811EC20DB861D00A9596B /* PBXContainerItemProxy */;
		};
		617811F820DB861D00A9596B /* PBXTargetDependency */ = {
			isa = PBXTargetDependency;
			target = 617811D220DB861C00A9596B /* JJKit */;
			targetProxy = 617811F720DB861D00A9596B /* PBXContainerItemProxy */;
		};
/* End PBXTargetDependency section */

/* Begin PBXVariantGroup section */
		617811DC20DB861C00A9596B /* Main.storyboard */ = {
			isa = PBXVariantGroup;
			children = (
				617811DD20DB861C00A9596B /* Base */,
			);
			name = Main.storyboard;
			sourceTree = "<group>";
		};
		617811E120DB861C00A9596B /* LaunchScreen.storyboard */ = {
			isa = PBXVariantGroup;
			children = (
				617811E220DB861C00A9596B /* Base */,
			);
			name = LaunchScreen.storyboard;
			sourceTree = "<group>";
		};
/* End PBXVariantGroup section */

/* Begin XCBuildConfiguration section */
		617811FD20DB861D00A9596B /* Debug */ = {
			isa = XCBuildConfiguration;
			buildSettings = {
				ALWAYS_SEARCH_USER_PATHS = NO;
				CLANG_ANALYZER_NONNULL = YES;
				CLANG_ANALYZER_NUMBER_OBJECT_CONVERSION = YES_AGGRESSIVE;
				CLANG_CXX_LANGUAGE_STANDARD = "gnu++14";
				CLANG_CXX_LIBRARY = "libc++";
				CLANG_ENABLE_MODULES = YES;
				CLANG_ENABLE_OBJC_ARC = YES;
				CLANG_WARN_BLOCK_CAPTURE_AUTORELEASING = YES;
				CLANG_WARN_BOOL_CONVERSION = YES;
				CLANG_WARN_COMMA = YES;
				CLANG_WARN_CONSTANT_CONVERSION = YES;
				CLANG_WARN_DIRECT_OBJC_ISA_USAGE = YES_ERROR;
				CLANG_WARN_DOCUMENTATION_COMMENTS = YES;
				CLANG_WARN_EMPTY_BODY = YES;
				CLANG_WARN_ENUM_CONVERSION = YES;
				CLANG_WARN_INFINITE_RECURSION = YES;
				CLANG_WARN_INT_CONVERSION = YES;
				CLANG_WARN_NON_LITERAL_NULL_CONVERSION = YES;
				CLANG_WARN_OBJC_LITERAL_CONVERSION = YES;
				CLANG_WARN_OBJC_ROOT_CLASS = YES_ERROR;
				CLANG_WARN_RANGE_LOOP_ANALYSIS = YES;
				CLANG_WARN_STRICT_PROTOTYPES = YES;
				CLANG_WARN_SUSPICIOUS_MOVE = YES;
				CLANG_WARN_UNGUARDED_AVAILABILITY = YES_AGGRESSIVE;
				CLANG_WARN_UNREACHABLE_CODE = YES;
				CLANG_WARN__DUPLICATE_METHOD_MATCH = YES;
				CODE_SIGN_IDENTITY = "iPhone Developer";
				COPY_PHASE_STRIP = NO;
				DEBUG_INFORMATION_FORMAT = dwarf;
				ENABLE_STRICT_OBJC_MSGSEND = YES;
				ENABLE_TESTABILITY = YES;
				GCC_C_LANGUAGE_STANDARD = gnu11;
				GCC_DYNAMIC_NO_PIC = NO;
				GCC_NO_COMMON_BLOCKS = YES;
				GCC_OPTIMIZATION_LEVEL = 0;
				GCC_PREPROCESSOR_DEFINITIONS = (
					"DEBUG=1",
					"$(inherited)",
				);
				GCC_WARN_64_TO_32_BIT_CONVERSION = YES;
				GCC_WARN_ABOUT_RETURN_TYPE = YES_ERROR;
				GCC_WARN_UNDECLARED_SELECTOR = YES;
				GCC_WARN_UNINITIALIZED_AUTOS = YES_AGGRESSIVE;
				GCC_WARN_UNUSED_FUNCTION = YES;
				GCC_WARN_UNUSED_VARIABLE = YES;
				IPHONEOS_DEPLOYMENT_TARGET = 11.0;
				MTL_ENABLE_DEBUG_INFO = YES;
				ONLY_ACTIVE_ARCH = YES;
				SDKROOT = iphoneos;
			};
			name = Debug;
		};
		617811FE20DB861D00A9596B /* Release */ = {
			isa = XCBuildConfiguration;
			buildSettings = {
				ALWAYS_SEARCH_USER_PATHS = NO;
				CLANG_ANALYZER_NONNULL = YES;
				CLANG_ANALYZER_NUMBER_OBJECT_CONVERSION = YES_AGGRESSIVE;
				CLANG_CXX_LANGUAGE_STANDARD = "gnu++14";
				CLANG_CXX_LIBRARY = "libc++";
				CLANG_ENABLE_MODULES = YES;
				CLANG_ENABLE_OBJC_ARC = YES;
				CLANG_WARN_BLOCK_CAPTURE_AUTORELEASING = YES;
				CLANG_WARN_BOOL_CONVERSION = YES;
				CLANG_WARN_COMMA = YES;
				CLANG_WARN_CONSTANT_CONVERSION = YES;
				CLANG_WARN_DIRECT_OBJC_ISA_USAGE = YES_ERROR;
				CLANG_WARN_DOCUMENTATION_COMMENTS = YES;
				CLANG_WARN_EMPTY_BODY = YES;
				CLANG_WARN_ENUM_CONVERSION = YES;
				CLANG_WARN_INFINITE_RECURSION = YES;
				CLANG_WARN_INT_CONVERSION = YES;
				CLANG_WARN_NON_LITERAL_NULL_CONVERSION = YES;
				CLANG_WARN_OBJC_LITERAL_CONVERSION = YES;
				CLANG_WARN_OBJC_ROOT_CLASS = YES_ERROR;
				CLANG_WARN_RANGE_LOOP_ANALYSIS = YES;
				CLANG_WARN_STRICT_PROTOTYPES = YES;
				CLANG_WARN_SUSPICIOUS_MOVE = YES;
				CLANG_WARN_UNGUARDED_AVAILABILITY = YES_AGGRESSIVE;
				CLANG_WARN_UNREACHABLE_CODE = YES;
				CLANG_WARN__DUPLICATE_METHOD_MATCH = YES;
				CODE_SIGN_IDENTITY = "iPhone Developer";
				COPY_PHASE_STRIP = NO;
				DEBUG_INFORMATION_FORMAT = "dwarf-with-dsym";
				ENABLE_NS_ASSERTIONS = NO;
				ENABLE_STRICT_OBJC_MSGSEND = YES;
				GCC_C_LANGUAGE_STANDARD = gnu11;
				GCC_NO_COMMON_BLOCKS = YES;
				GCC_WARN_64_TO_32_BIT_CONVERSION = YES;
				GCC_WARN_ABOUT_RETURN_TYPE = YES_ERROR;
				GCC_WARN_UNDECLARED_SELECTOR = YES;
				GCC_WARN_UNINITIALIZED_AUTOS = YES_AGGRESSIVE;
				GCC_WARN_UNUSED_FUNCTION = YES;
				GCC_WARN_UNUSED_VARIABLE = YES;
				IPHONEOS_DEPLOYMENT_TARGET = 11.0;
				MTL_ENABLE_DEBUG_INFO = NO;
				SDKROOT = iphoneos;
				VALIDATE_PRODUCT = YES;
			};
			name = Release;
		};
		6178120020DB861D00A9596B /* Debug */ = {
			isa = XCBuildConfiguration;
			baseConfigurationReference = 06CEAD9F7812A57609A7A765 /* Pods-JJKit.debug.xcconfig */;
			buildSettings = {
				ASSETCATALOG_COMPILER_APPICON_NAME = AppIcon;
				CODE_SIGN_STYLE = Automatic;
				DEVELOPMENT_TEAM = YWEH5GVC2C;
				INFOPLIST_FILE = JJKit/Info.plist;
				IPHONEOS_DEPLOYMENT_TARGET = 9.0;
				LD_RUNPATH_SEARCH_PATHS = "$(inherited) @executable_path/Frameworks";
				PRODUCT_BUNDLE_IDENTIFIER = luming.JJKit;
				PRODUCT_NAME = "$(TARGET_NAME)";
				TARGETED_DEVICE_FAMILY = "1,2";
			};
			name = Debug;
		};
		6178120120DB861D00A9596B /* Release */ = {
			isa = XCBuildConfiguration;
			baseConfigurationReference = BB67E439D5C660E52EDF6893 /* Pods-JJKit.release.xcconfig */;
			buildSettings = {
				ASSETCATALOG_COMPILER_APPICON_NAME = AppIcon;
				CODE_SIGN_STYLE = Automatic;
				DEVELOPMENT_TEAM = YWEH5GVC2C;
				INFOPLIST_FILE = JJKit/Info.plist;
				IPHONEOS_DEPLOYMENT_TARGET = 9.0;
				LD_RUNPATH_SEARCH_PATHS = "$(inherited) @executable_path/Frameworks";
				PRODUCT_BUNDLE_IDENTIFIER = luming.JJKit;
				PRODUCT_NAME = "$(TARGET_NAME)";
				TARGETED_DEVICE_FAMILY = "1,2";
			};
			name = Release;
		};
		6178120320DB861D00A9596B /* Debug */ = {
			isa = XCBuildConfiguration;
			buildSettings = {
				BUNDLE_LOADER = "$(TEST_HOST)";
				CODE_SIGN_STYLE = Automatic;
				INFOPLIST_FILE = JJKitTests/Info.plist;
				LD_RUNPATH_SEARCH_PATHS = "$(inherited) @executable_path/Frameworks @loader_path/Frameworks";
				PRODUCT_BUNDLE_IDENTIFIER = luming.JJKitTests;
				PRODUCT_NAME = "$(TARGET_NAME)";
				TARGETED_DEVICE_FAMILY = "1,2";
				TEST_HOST = "$(BUILT_PRODUCTS_DIR)/JJKit.app/JJKit";
			};
			name = Debug;
		};
		6178120420DB861D00A9596B /* Release */ = {
			isa = XCBuildConfiguration;
			buildSettings = {
				BUNDLE_LOADER = "$(TEST_HOST)";
				CODE_SIGN_STYLE = Automatic;
				INFOPLIST_FILE = JJKitTests/Info.plist;
				LD_RUNPATH_SEARCH_PATHS = "$(inherited) @executable_path/Frameworks @loader_path/Frameworks";
				PRODUCT_BUNDLE_IDENTIFIER = luming.JJKitTests;
				PRODUCT_NAME = "$(TARGET_NAME)";
				TARGETED_DEVICE_FAMILY = "1,2";
				TEST_HOST = "$(BUILT_PRODUCTS_DIR)/JJKit.app/JJKit";
			};
			name = Release;
		};
		6178120620DB861D00A9596B /* Debug */ = {
			isa = XCBuildConfiguration;
			buildSettings = {
				CODE_SIGN_STYLE = Automatic;
				INFOPLIST_FILE = JJKitUITests/Info.plist;
				LD_RUNPATH_SEARCH_PATHS = "$(inherited) @executable_path/Frameworks @loader_path/Frameworks";
				PRODUCT_BUNDLE_IDENTIFIER = luming.JJKitUITests;
				PRODUCT_NAME = "$(TARGET_NAME)";
				TARGETED_DEVICE_FAMILY = "1,2";
				TEST_TARGET_NAME = JJKit;
			};
			name = Debug;
		};
		6178120720DB861D00A9596B /* Release */ = {
			isa = XCBuildConfiguration;
			buildSettings = {
				CODE_SIGN_STYLE = Automatic;
				INFOPLIST_FILE = JJKitUITests/Info.plist;
				LD_RUNPATH_SEARCH_PATHS = "$(inherited) @executable_path/Frameworks @loader_path/Frameworks";
				PRODUCT_BUNDLE_IDENTIFIER = luming.JJKitUITests;
				PRODUCT_NAME = "$(TARGET_NAME)";
				TARGETED_DEVICE_FAMILY = "1,2";
				TEST_TARGET_NAME = JJKit;
			};
			name = Release;
		};
/* End XCBuildConfiguration section */

/* Begin XCConfigurationList section */
		617811CE20DB861C00A9596B /* Build configuration list for PBXProject "JJKit" */ = {
			isa = XCConfigurationList;
			buildConfigurations = (
				617811FD20DB861D00A9596B /* Debug */,
				617811FE20DB861D00A9596B /* Release */,
			);
			defaultConfigurationIsVisible = 0;
			defaultConfigurationName = Release;
		};
		617811FF20DB861D00A9596B /* Build configuration list for PBXNativeTarget "JJKit" */ = {
			isa = XCConfigurationList;
			buildConfigurations = (
				6178120020DB861D00A9596B /* Debug */,
				6178120120DB861D00A9596B /* Release */,
			);
			defaultConfigurationIsVisible = 0;
			defaultConfigurationName = Release;
		};
		6178120220DB861D00A9596B /* Build configuration list for PBXNativeTarget "JJKitTests" */ = {
			isa = XCConfigurationList;
			buildConfigurations = (
				6178120320DB861D00A9596B /* Debug */,
				6178120420DB861D00A9596B /* Release */,
			);
			defaultConfigurationIsVisible = 0;
			defaultConfigurationName = Release;
		};
		6178120520DB861D00A9596B /* Build configuration list for PBXNativeTarget "JJKitUITests" */ = {
			isa = XCConfigurationList;
			buildConfigurations = (
				6178120620DB861D00A9596B /* Debug */,
				6178120720DB861D00A9596B /* Release */,
			);
			defaultConfigurationIsVisible = 0;
			defaultConfigurationName = Release;
		};
/* End XCConfigurationList section */
	};
	rootObject = 617811CB20DB861C00A9596B /* Project object */;
}
